// !$*UTF8*$!
{
	archiveVersion = 1;
	classes = {
	};
	objectVersion = 56;
	objects = {

/* Begin PBXBuildFile section */
		C13CEC082A14FB4400D6863D /* GLUT.framework in Frameworks */ = {isa = PBXBuildFile; fileRef = C13C850729B9AF4E00A6A586 /* GLUT.framework */; };
		C13CEC0B2A14FB4600D6863D /* OpenGL.framework in Frameworks */ = {isa = PBXBuildFile; fileRef = C13C850929B9AF5200A6A586 /* OpenGL.framework */; };
		C15540FC2A1F31D80095FFA8 /* main.cpp in Sources */ = {isa = PBXBuildFile; fileRef = C15540FA2A1F31D80095FFA8 /* main.cpp */; };
/* End PBXBuildFile section */

/* Begin PBXCopyFilesBuildPhase section */
		C13C84FA29B9AF4000A6A586 /* Copy Files */ = {
			isa = PBXCopyFilesBuildPhase;
			buildActionMask = 2147483647;
			dstPath = /usr/share/man/man1/;
			dstSubfolderSpec = 0;
			files = (
			);
			name = "Copy Files";
			runOnlyForDeploymentPostprocessing = 1;
		};
/* End PBXCopyFilesBuildPhase section */

/* Begin PBXFileReference section */
		C13C84FC29B9AF4000A6A586 /* ComputerGraphics */ = {isa = PBXFileReference; explicitFileType = "compiled.mach-o.executable"; includeInIndex = 0; path = ComputerGraphics; sourceTree = BUILT_PRODUCTS_DIR; };
		C13C850729B9AF4E00A6A586 /* GLUT.framework */ = {isa = PBXFileReference; lastKnownFileType = wrapper.framework; name = GLUT.framework; path = System/Library/Frameworks/GLUT.framework; sourceTree = SDKROOT; };
		C13C850929B9AF5200A6A586 /* OpenGL.framework */ = {isa = PBXFileReference; lastKnownFileType = wrapper.framework; name = OpenGL.framework; path = System/Library/Frameworks/OpenGL.framework; sourceTree = SDKROOT; };
		C13CEBFE2A14F70800D6863D /* glm */ = {isa = PBXFileReference; lastKnownFileType = folder; name = glm; path = ../../hw02/ComputerGraphics/glm; sourceTree = "<group>"; };
		C15540F82A1F31850095FFA8 /* FragmentShader.txt */ = {isa = PBXFileReference; lastKnownFileType = text; path = FragmentShader.txt; sourceTree = "<group>"; };
		C15540F92A1F31A60095FFA8 /* VertexShader.txt */ = {isa = PBXFileReference; lastKnownFileType = text; path = VertexShader.txt; sourceTree = "<group>"; };
		C15540FA2A1F31D80095FFA8 /* main.cpp */ = {isa = PBXFileReference; lastKnownFileType = sourcecode.cpp.cpp; path = main.cpp; sourceTree = "<group>"; };
/* End PBXFileReference section */

/* Begin PBXFrameworksBuildPhase section */
		C13C84F929B9AF4000A6A586 /* Frameworks */ = {
			isa = PBXFrameworksBuildPhase;
			buildActionMask = 2147483647;
			files = (
				C13CEC082A14FB4400D6863D /* GLUT.framework in Frameworks */,
				C13CEC0B2A14FB4600D6863D /* OpenGL.framework in Frameworks */,
			);
			runOnlyForDeploymentPostprocessing = 0;
		};
/* End PBXFrameworksBuildPhase section */

/* Begin PBXGroup section */
		C13C84F329B9AF4000A6A586 = {
			isa = PBXGroup;
			children = (
				C13C84FE29B9AF4000A6A586 /* ComputerGraphics */,
				C13C84FD29B9AF4000A6A586 /* Products */,
				C13C850629B9AF4E00A6A586 /* Frameworks */,
			);
			sourceTree = "<group>";
		};
		C13C84FD29B9AF4000A6A586 /* Products */ = {
			isa = PBXGroup;
			children = (
				C13C84FC29B9AF4000A6A586 /* ComputerGraphics */,
			);
			name = Products;
			sourceTree = "<group>";
		};
		C13C84FE29B9AF4000A6A586 /* ComputerGraphics */ = {
			isa = PBXGroup;
			children = (
				C13CEBFE2A14F70800D6863D /* glm */,
				C15540F82A1F31850095FFA8 /* FragmentShader.txt */,
				C15540F92A1F31A60095FFA8 /* VertexShader.txt */,
				C15540FA2A1F31D80095FFA8 /* main.cpp */,
			);
			path = ComputerGraphics;
			sourceTree = "<group>";
		};
		C13C850629B9AF4E00A6A586 /* Frameworks */ = {
			isa = PBXGroup;
			children = (
				C13C850929B9AF5200A6A586 /* OpenGL.framework */,
				C13C850729B9AF4E00A6A586 /* GLUT.framework */,
			);
			name = Frameworks;
			sourceTree = "<group>";
		};
/* End PBXGroup section */

/* Begin PBXNativeTarget section */
		C13C84FB29B9AF4000A6A586 /* ComputerGraphics */ = {
			isa = PBXNativeTarget;
			buildConfigurationList = C13C850329B9AF4000A6A586 /* Build configuration list for PBXNativeTarget "ComputerGraphics" */;
			buildPhases = (
				C13C84F829B9AF4000A6A586 /* Sources */,
				C13C84F929B9AF4000A6A586 /* Frameworks */,
				C13C84FA29B9AF4000A6A586 /* Copy Files */,
			);
			buildRules = (
			);
			dependencies = (
			);
			name = ComputerGraphics;
			productName = ComputerGraphics;
			productReference = C13C84FC29B9AF4000A6A586 /* ComputerGraphics */;
			productType = "com.apple.product-type.tool";
		};
/* End PBXNativeTarget section */

/* Begin PBXProject section */
		C13C84F429B9AF4000A6A586 /* Project object */ = {
			isa = PBXProject;
			attributes = {
				BuildIndependentTargetsInParallel = 1;
				LastUpgradeCheck = 1420;
				TargetAttributes = {
					C13C84FB29B9AF4000A6A586 = {
						CreatedOnToolsVersion = 14.2;
					};
				};
			};
			buildConfigurationList = C13C84F729B9AF4000A6A586 /* Build configuration list for PBXProject "ComputerGraphics" */;
			compatibilityVersion = "Xcode 14.0";
			developmentRegion = en;
			hasScannedForEncodings = 0;
			knownRegions = (
				en,
				Base,
			);
			mainGroup = C13C84F329B9AF4000A6A586;
			productRefGroup = C13C84FD29B9AF4000A6A586 /* Products */;
			projectDirPath = "";
			projectRoot = "";
			targets = (
				C13C84FB29B9AF4000A6A586 /* ComputerGraphics */,
			);
		};
/* End PBXProject section */

/* Begin PBXSourcesBuildPhase section */
		C13C84F829B9AF4000A6A586 /* Sources */ = {
			isa = PBXSourcesBuildPhase;
			buildActionMask = 2147483647;
			files = (
				C15540FC2A1F31D80095FFA8 /* main.cpp in Sources */,
			);
			runOnlyForDeploymentPostprocessing = 0;
		};
/* End PBXSourcesBuildPhase section */

/* Begin XCBuildConfiguration section */
		C13C850129B9AF4000A6A586 /* Debug */ = {
			isa = XCBuildConfiguration;
			buildSettings = {
				ALWAYS_SEARCH_USER_PATHS = YES;
				CLANG_ANALYZER_NONNULL = YES;
				CLANG_ANALYZER_NUMBER_OBJECT_CONVERSION = YES_AGGRESSIVE;
				CLANG_CXX_LANGUAGE_STANDARD = "gnu++20";
				CLANG_ENABLE_MODULES = YES;
				CLANG_ENABLE_OBJC_ARC = YES;
				CLANG_ENABLE_OBJC_WEAK = YES;
				CLANG_WARN_BLOCK_CAPTURE_AUTORELEASING = YES;
				CLANG_WARN_BOOL_CONVERSION = YES;
				CLANG_WARN_COMMA = YES;
				CLANG_WARN_CONSTANT_CONVERSION = YES;
				CLANG_WARN_DEPRECATED_OBJC_IMPLEMENTATIONS = YES;
				CLANG_WARN_DIRECT_OBJC_ISA_USAGE = YES_ERROR;
				CLANG_WARN_DOCUMENTATION_COMMENTS = YES;
				CLANG_WARN_EMPTY_BODY = YES;
				CLANG_WARN_ENUM_CONVERSION = YES;
				CLANG_WARN_INFINITE_RECURSION = YES;
				CLANG_WARN_INT_CONVERSION = YES;
				CLANG_WARN_NON_LITERAL_NULL_CONVERSION = YES;
				CLANG_WARN_OBJC_IMPLICIT_RETAIN_SELF = YES;
				CLANG_WARN_OBJC_LITERAL_CONVERSION = YES;
				CLANG_WARN_OBJC_ROOT_CLASS = YES_ERROR;
				CLANG_WARN_QUOTED_INCLUDE_IN_FRAMEWORK_HEADER = YES;
				CLANG_WARN_RANGE_LOOP_ANALYSIS = YES;
				CLANG_WARN_STRICT_PROTOTYPES = YES;
				CLANG_WARN_SUSPICIOUS_MOVE = YES;
				CLANG_WARN_UNGUARDED_AVAILABILITY = YES_AGGRESSIVE;
				CLANG_WARN_UNREACHABLE_CODE = YES;
				CLANG_WARN__DUPLICATE_METHOD_MATCH = YES;
				COPY_PHASE_STRIP = NO;
				DEBUG_INFORMATION_FORMAT = dwarf;
				ENABLE_STRICT_OBJC_MSGSEND = YES;
				ENABLE_TESTABILITY = YES;
				GCC_C_LANGUAGE_STANDARD = gnu11;
				GCC_DYNAMIC_NO_PIC = NO;
				GCC_NO_COMMON_BLOCKS = YES;
				GCC_OPTIMIZATION_LEVEL = 0;
				GCC_PREPROCESSOR_DEFINITIONS = (
					"DEBUG=1",
					"$(inherited)",
				);
				GCC_WARN_64_TO_32_BIT_CONVERSION = YES;
				GCC_WARN_ABOUT_RETURN_TYPE = YES_ERROR;
				GCC_WARN_UNDECLARED_SELECTOR = YES;
				GCC_WARN_UNINITIALIZED_AUTOS = YES_AGGRESSIVE;
				GCC_WARN_UNUSED_FUNCTION = YES;
				GCC_WARN_UNUSED_VARIABLE = YES;
				MACOSX_DEPLOYMENT_TARGET = 13.1;
				MTL_ENABLE_DEBUG_INFO = INCLUDE_SOURCE;
				MTL_FAST_MATH = YES;
				ONLY_ACTIVE_ARCH = YES;
				SDKROOT = macosx;
			};
			name = Debug;
		};
		C13C850229B9AF4000A6A586 /* Release */ = {
			isa = XCBuildConfiguration;
			buildSettings = {
				ALWAYS_SEARCH_USER_PATHS = YES;
				CLANG_ANALYZER_NONNULL = YES;
				CLANG_ANALYZER_NUMBER_OBJECT_CONVERSION = YES_AGGRESSIVE;
				CLANG_CXX_LANGUAGE_STANDARD = "gnu++20";
				CLANG_ENABLE_MODULES = YES;
				CLANG_ENABLE_OBJC_ARC = YES;
				CLANG_ENABLE_OBJC_WEAK = YES;
				CLANG_WARN_BLOCK_CAPTURE_AUTORELEASING = YES;
				CLANG_WARN_BOOL_CONVERSION = YES;
				CLANG_WARN_COMMA = YES;
				CLANG_WARN_CONSTANT_CONVERSION = YES;
				CLANG_WARN_DEPRECATED_OBJC_IMPLEMENTATIONS = YES;
				CLANG_WARN_DIRECT_OBJC_ISA_USAGE = YES_ERROR;
				CLANG_WARN_DOCUMENTATION_COMMENTS = YES;
				CLANG_WARN_EMPTY_BODY = YES;
				CLANG_WARN_ENUM_CONVERSION = YES;
				CLANG_WARN_INFINITE_RECURSION = YES;
				CLANG_WARN_INT_CONVERSION = YES;
				CLANG_WARN_NON_LITERAL_NULL_CONVERSION = YES;
				CLANG_WARN_OBJC_IMPLICIT_RETAIN_SELF = YES;
				CLANG_WARN_OBJC_LITERAL_CONVERSION = YES;
				CLANG_WARN_OBJC_ROOT_CLASS = YES_ERROR;
				CLANG_WARN_QUOTED_INCLUDE_IN_FRAMEWORK_HEADER = YES;
				CLANG_WARN_RANGE_LOOP_ANALYSIS = YES;
				CLANG_WARN_STRICT_PROTOTYPES = YES;
				CLANG_WARN_SUSPICIOUS_MOVE = YES;
				CLANG_WARN_UNGUARDED_AVAILABILITY = YES_AGGRESSIVE;
				CLANG_WARN_UNREACHABLE_CODE = YES;
				CLANG_WARN__DUPLICATE_METHOD_MATCH = YES;
				COPY_PHASE_STRIP = NO;
				DEBUG_INFORMATION_FORMAT = "dwarf-with-dsym";
				ENABLE_NS_ASSERTIONS = NO;
				ENABLE_STRICT_OBJC_MSGSEND = YES;
				GCC_C_LANGUAGE_STANDARD = gnu11;
				GCC_NO_COMMON_BLOCKS = YES;
				GCC_WARN_64_TO_32_BIT_CONVERSION = YES;
				GCC_WARN_ABOUT_RETURN_TYPE = YES_ERROR;
				GCC_WARN_UNDECLARED_SELECTOR = YES;
				GCC_WARN_UNINITIALIZED_AUTOS = YES_AGGRESSIVE;
				GCC_WARN_UNUSED_FUNCTION = YES;
				GCC_WARN_UNUSED_VARIABLE = YES;
				MACOSX_DEPLOYMENT_TARGET = 13.1;
				MTL_ENABLE_DEBUG_INFO = NO;
				MTL_FAST_MATH = YES;
				SDKROOT = macosx;
			};
			name = Release;
		};
		C13C850429B9AF4000A6A586 /* Debug */ = {
			isa = XCBuildConfiguration;
			buildSettings = {
				CODE_SIGN_STYLE = Automatic;
				DEVELOPMENT_TEAM = "";
				ENABLE_HARDENED_RUNTIME = YES;
				PRODUCT_NAME = "$(TARGET_NAME)";
			};
			name = Debug;
		};
		C13C850529B9AF4000A6A586 /* Release */ = {
			isa = XCBuildConfiguration;
			buildSettings = {
				CODE_SIGN_STYLE = Automatic;
				DEVELOPMENT_TEAM = "";
				ENABLE_HARDENED_RUNTIME = YES;
				PRODUCT_NAME = "$(TARGET_NAME)";
			};
			name = Release;
		};
/* End XCBuildConfiguration section */

/* Begin XCConfigurationList section */
		C13C84F729B9AF4000A6A586 /* Build configuration list for PBXProject "ComputerGraphics" */ = {
			isa = XCConfigurationList;
			buildConfigurations = (
				C13C850129B9AF4000A6A586 /* Debug */,
				C13C850229B9AF4000A6A586 /* Release */,
			);
			defaultConfigurationIsVisible = 0;
			defaultConfigurationName = Release;
		};
		C13C850329B9AF4000A6A586 /* Build configuration list for PBXNativeTarget "ComputerGraphics" */ = {
			isa = XCConfigurationList;
			buildConfigurations = (
				C13C850429B9AF4000A6A586 /* Debug */,
				C13C850529B9AF4000A6A586 /* Release */,
			);
			defaultConfigurationIsVisible = 0;
			defaultConfigurationName = Release;
		};
/* End XCConfigurationList section */
	};
	rootObject = C13C84F429B9AF4000A6A586 /* Project object */;
}
